{
    "_meta": {
        "hash": {
            "sha256": "e54bce4c9b2341110e6a647f800a6a3ce3455e5829158be5c37d77c6d4da16c1"
        },
        "pipfile-spec": 6,
        "requires": {
            "python_version": "2.7"
        },
        "sources": [
            {
                "name": "pypi",
                "url": "https://pypi.org/simple",
                "verify_ssl": true
            }
        ]
    },
    "default": {
        "dxlhistorian": {
            "editable": true,
            "path": "."
        },
        "robobluekit": {
            "editable": true,
            "path": "./../robobluekit"
        },
        "urllib3": {
            "hashes": [
                "sha256:4c291ca23bbb55c76518905869ef34bdd5f0e46af7afe6861e8375643ffee1a0",
                "sha256:9a247273df709c4fedb38c711e44292304f73f39ab01beda9f6b9fc375669ac3"
            ],
            "index": "pypi",
            "version": "==1.24.2"
        }
    },
    "develop": {}
}
