{
    "_meta": {
        "hash": {
            "sha256": "e54bce4c9b2341110e6a647f800a6a3ce3455e5829158be5c37d77c6d4da16c1"
        },
        "pipfile-spec": 6,
        "requires": {
            "python_version": "2.7"
        },
        "sources": [
            {
                "name": "pypi",
                "url": "https://pypi.org/simple",
                "verify_ssl": true
            }
        ]
    },
    "default": {
        "dxlhistorian": {
            "editable": true,
            "path": "."
        },
        "robobluekit": {
            "editable": true,
            "path": "./../robobluekit"
        },
        "urllib3": {
            "hashes": [
                "sha256:753a0374df26658f99d826cfe40394a686d05985786d946fbe4165b5148f5a7c",
                "sha256:a7acd0977125325f516bda9735fa7142b909a8d01e8b2e4c8108d0984e6e0098"
            ],
            "index": "pypi",
            "version": "==1.26.5"
        }
    },
    "develop": {}
}
